# THIS IS AN AUTOGENERATED FILE. DO NOT EDIT THIS FILE DIRECTLY.
# yarn lockfile v1


blueimp-gallery@^2.33.0:
  version "2.36.0"
  resolved "https://registry.yarnpkg.com/blueimp-gallery/-/blueimp-gallery-2.36.0.tgz#1775d6f480a5f18da5392519bc132fe3ada2a038"
  integrity sha512-bicE9gIFXWjX0LButGDLhCRA0+XRBEjAtswnJSt2nHVPUx4Gd8WufNFl65P28YCevooO51KaTFGcbE2oeb8DbQ==

opencollective-postinstall@^2.0.2:
  version "2.0.2"
  resolved "https://registry.yarnpkg.com/opencollective-postinstall/-/opencollective-postinstall-2.0.2.tgz#5657f1bede69b6e33a45939b061eb53d3c6c3a89"
  integrity sha512-pVOEP16TrAO2/fjej1IdOyupJY8KDUM1CvsaScRbw6oddvpQoOfGk4ywha0HKKVAD6RkW4x6Q+tNBwhf3Bgpuw==

vue-gallery@^2.0.1:
  version "2.0.1"
  resolved "https://registry.yarnpkg.com/vue-gallery/-/vue-gallery-2.0.1.tgz#351bcd2982da593f83bd6af97a5a10ec468bf7e6"
  integrity sha512-e6PADJlb4tcrPP7rmkYHDZI7KeDW//CIYRt7ZtcEvbc9eg0msyW/s9K+ZIWzSUyujnhKroePq/wQuh6BvXbxLA==
  dependencies:
    blueimp-gallery "^2.33.0"
    opencollective-postinstall "^2.0.2"
